{
  "name": "alpenglow-watchface",
  "version": "1.3.0",
  "lockfileVersion": 2,
  "requires": true,
  "packages": {
    "": {
      "name": "alpenglow-watchface",
      "version": "1.3.0",
      "license": "MIT",
      "dependencies": {
        "@rebble/clay": "^1.0.10",
        "suncalc": "^2.0.1"
      }
    },
    "node_modules/@rebble/clay": {
      "version": "1.0.10",
      "resolved": "https://registry.npmjs.org/@rebble/clay/-/clay-1.0.10.tgz",
      "integrity": "sha512-84EL9J6egrnWk/FzqCxRa9/vqO4fx7SBxdttthLEpBro+FVqUg+rMlqOzT8+zl4PkBQKAWdnqHwlHaS4heiXKg=="
    },
    "node_modules/suncalc": {
      "version": "2.0.1",
      "resolved": "https://registry.npmjs.org/suncalc/-/suncalc-2.0.1.tgz",
      "integrity": "sha512-wjujU+HpsP1TUvN3/9dFkVQQCsMZbk7PkdZsASRJR4jVPHCm9Qy0FVkFTqXfs70Ag2yheN7ZUavzCyOjhJDGxQ=="
    }
  },
  "dependencies": {
    "@rebble/clay": {
      "version": "1.0.10",
      "resolved": "https://registry.npmjs.org/@rebble/clay/-/clay-1.0.10.tgz",
      "integrity": "sha512-84EL9J6egrnWk/FzqCxRa9/vqO4fx7SBxdttthLEpBro+FVqUg+rMlqOzT8+zl4PkBQKAWdnqHwlHaS4heiXKg=="
    },
    "suncalc": {
      "version": "2.0.1",
      "resolved": "https://registry.npmjs.org/suncalc/-/suncalc-2.0.1.tgz",
      "integrity": "sha512-wjujU+HpsP1TUvN3/9dFkVQQCsMZbk7PkdZsASRJR4jVPHCm9Qy0FVkFTqXfs70Ag2yheN7ZUavzCyOjhJDGxQ=="
    }
  }
}
